{
  "nodes": {
    "libnbtplusplus": {
      "flake": false,
      "locked": {
        "lastModified": 1775140501,
        "narHash": "sha256-1Kn39d2rA+wQpH/OYICtyAgRD98g6TNmIRfY7KUCeqU=",
        "owner": "Project-Tick",
        "repo": "libnbtplusplus",
        "rev": "1a0ffe372f4da8408c5d08a36013536a3396b9e6",
        "type": "github"
      },
      "original": {
        "owner": "Project-Tick",
        "repo": "libnbtplusplus",
        "type": "github"
      }
    },
    "nixpkgs": {
      "locked": {
        "lastModified": 1775036866,
        "narHash": "sha256-ByAX1LkhCwZ94+KnFAmnJSMAvui7kgCxjHgUHsWAbfI=",
        "rev": "6201e203d09599479a3b3450ed24fa81537ebc4e",
        "type": "tarball",
        "url": "https://releases.nixos.org/nixos/unstable/nixos-26.05pre972949.6201e203d095/nixexprs.tar.xz"
      },
      "original": {
        "type": "tarball",
        "url": "https://channels.nixos.org/nixos-unstable/nixexprs.tar.xz"
      }
    },
    "root": {
      "inputs": {
        "libnbtplusplus": "libnbtplusplus",
        "nixpkgs": "nixpkgs"
      }
    }
  },
  "root": "root",
  "version": 7
}
