{
  "nodes": {
    "classparser": {
      "flake": false,
      "locked": {
        "lastModified": 1781949651,
        "narHash": "sha256-nr+fllM6jGdu6uXsSwH410C2CqCtTW9lAlvV9r3RgMo=",
        "ref": "refs/heads/master",
        "rev": "7622e3a57e46c579ed2b364b7f7778dfd8abc9c6",
        "revCount": 5,
        "type": "git",
        "url": "https://gitlab.com/project-tick/projects/classparser"
      },
      "original": {
        "type": "git",
        "url": "https://gitlab.com/project-tick/projects/classparser"
      }
    },
    "ganalytics": {
      "flake": false,
      "locked": {
        "lastModified": 1778239766,
        "narHash": "sha256-36GKhIN/rGe89UAc6crvaCYlDm6m9chhhqx8ceClFJA=",
        "ref": "refs/heads/master",
        "rev": "245eae21e0e78e002100f0d74d0b12912dbcc59a",
        "revCount": 5,
        "type": "git",
        "url": "https://gitlab.com/project-tick/projects/ganalytics"
      },
      "original": {
        "type": "git",
        "url": "https://gitlab.com/project-tick/projects/ganalytics"
      }
    },
    "genqrcode": {
      "flake": false,
      "locked": {
        "lastModified": 1778239769,
        "narHash": "sha256-u2T2IKgBFCxoaiCnWJLfMFuPiDuMDQT7GqwrQXGm2kI=",
        "ref": "refs/heads/master",
        "rev": "58c80417cf580a45bd8edeb02ed75f248d506bf6",
        "revCount": 851,
        "type": "git",
        "url": "https://gitlab.com/project-tick/projects/genqrcode"
      },
      "original": {
        "type": "git",
        "url": "https://gitlab.com/project-tick/projects/genqrcode"
      }
    },
    "iconfix": {
      "flake": false,
      "locked": {
        "lastModified": 1781949721,
        "narHash": "sha256-fPeUK3RRzsnJwkNAjnvCn2mQOs+BVGyHaO2bILUNSkw=",
        "ref": "refs/heads/master",
        "rev": "95121bd76941db52db46cf164c9fa374714bdbf3",
        "revCount": 5,
        "type": "git",
        "url": "https://gitlab.com/project-tick/projects/iconfix"
      },
      "original": {
        "type": "git",
        "url": "https://gitlab.com/project-tick/projects/iconfix"
      }
    },
    "javacheck": {
      "flake": false,
      "locked": {
        "lastModified": 1781949847,
        "narHash": "sha256-L9/85AKd50S+Cm0s0WYdZNz1LO5Wpfy7VCvxEQo6M/I=",
        "ref": "refs/heads/master",
        "rev": "04c1057bf42a60b5afcf1599471306bee5a0179a",
        "revCount": 5,
        "type": "git",
        "url": "https://gitlab.com/project-tick/projects/javacheck"
      },
      "original": {
        "type": "git",
        "url": "https://gitlab.com/project-tick/projects/javacheck"
      }
    },
    "javalauncher": {
      "flake": false,
      "locked": {
        "lastModified": 1781949811,
        "narHash": "sha256-efw921DdGUCBqHBKU0twKNxTyJDtr4mWYbqe12qYrJM=",
        "ref": "refs/heads/master",
        "rev": "f08078490ade7cc4b6f45714ff824db3fff86ba4",
        "revCount": 5,
        "type": "git",
        "url": "https://gitlab.com/project-tick/projects/javalauncher"
      },
      "original": {
        "type": "git",
        "url": "https://gitlab.com/project-tick/projects/javalauncher"
      }
    },
    "katabasis": {
      "flake": false,
      "locked": {
        "lastModified": 1778239791,
        "narHash": "sha256-CgzJxIJ0hSsAQDg4+4DYPbXe1+A768HkCidyFq0HCAY=",
        "ref": "refs/heads/master",
        "rev": "03cf92475a9d3f94b06bef20251c3cfcaf051d5c",
        "revCount": 4,
        "type": "git",
        "url": "https://gitlab.com/project-tick/projects/katabasis"
      },
      "original": {
        "type": "git",
        "url": "https://gitlab.com/project-tick/projects/katabasis"
      }
    },
    "libnbtplusplus": {
      "flake": false,
      "locked": {
        "lastModified": 1778239795,
        "narHash": "sha256-zpdpKwrs/TUiPDauGX1WIbT5j8D7V5cRgwQgUgsQvTk=",
        "ref": "refs/heads/master",
        "rev": "a68e933a7389b75835525d0b16663b6f9ddb3115",
        "revCount": 339,
        "type": "git",
        "url": "https://gitlab.com/project-tick/projects/libnbtplusplus"
      },
      "original": {
        "type": "git",
        "url": "https://gitlab.com/project-tick/projects/libnbtplusplus"
      }
    },
    "localpeer": {
      "flake": false,
      "locked": {
        "lastModified": 1781949871,
        "narHash": "sha256-2JKwzhjLC5GUMnExAK578cr/JgOvz/J8IkK8qfh7LWs=",
        "ref": "refs/heads/master",
        "rev": "827a8e7ede5920e4c247b1a9fa3a236a9522bf5c",
        "revCount": 5,
        "type": "git",
        "url": "https://gitlab.com/project-tick/projects/localpeer"
      },
      "original": {
        "type": "git",
        "url": "https://gitlab.com/project-tick/projects/localpeer"
      }
    },
    "neozip": {
      "flake": false,
      "locked": {
        "lastModified": 1779655087,
        "narHash": "sha256-N6iAEcLTsRtdA0oJGfkv6hkC1+D6XyGmDaPr0vVSw4g=",
        "ref": "refs/heads/master",
        "rev": "13f7edd9d6c2ef50f3d6d640d27fcc29baa58d7d",
        "revCount": 3094,
        "type": "git",
        "url": "https://gitlab.com/project-tick/projects/neozip"
      },
      "original": {
        "type": "git",
        "url": "https://gitlab.com/project-tick/projects/neozip"
      }
    },
    "nixpkgs": {
      "locked": {
        "lastModified": 1781577229,
        "narHash": "sha256-rcUHdUtJEvMdNEl2Wq+YpHraHKfcer3KsBscpZEF2Yg=",
        "rev": "567a49d1913ce81ac6e9582e3553dd90a955875f",
        "type": "tarball",
        "url": "https://releases.nixos.org/nixos/unstable/nixos-26.11pre1017464.567a49d1913c/nixexprs.tar.xz"
      },
      "original": {
        "type": "tarball",
        "url": "https://channels.nixos.org/nixos-unstable/nixexprs.tar.xz"
      }
    },
    "optional-bare": {
      "flake": false,
      "locked": {
        "lastModified": 1781950513,
        "narHash": "sha256-ns112SrTZNwvSrGzEdb1Ju2j67xYPRxEc2Sjvn22j8Y=",
        "ref": "refs/heads/master",
        "rev": "3ab711e92b3b39805b6e2deb6dbf58897a16301c",
        "revCount": 6,
        "type": "git",
        "url": "https://gitlab.com/project-tick/projects/optional-bare"
      },
      "original": {
        "type": "git",
        "url": "https://gitlab.com/project-tick/projects/optional-bare"
      }
    },
    "project-tick-cmark": {
      "flake": false,
      "locked": {
        "lastModified": 1778432883,
        "narHash": "sha256-cXfA2xab2/smZkmru6EsusSvTs6w9+FlEfrJyCR3E9w=",
        "ref": "refs/heads/master",
        "rev": "7b089f620c5b0885321844a03a21bdbb9beb42e2",
        "revCount": 2655,
        "type": "git",
        "url": "https://gitlab.com/project-tick/projects/cmark"
      },
      "original": {
        "type": "git",
        "url": "https://gitlab.com/project-tick/projects/cmark"
      }
    },
    "project-tick-tomlplusplus": {
      "flake": false,
      "locked": {
        "lastModified": 1778432890,
        "narHash": "sha256-9dQf10wQJ4b5lsPvErfZE11a+pxwnANUspL2PmlVO4I=",
        "ref": "refs/heads/master",
        "rev": "b775819c52293afe7e5287781e250884adc82ad1",
        "revCount": 387,
        "type": "git",
        "url": "https://gitlab.com/project-tick/projects/tomlplusplus"
      },
      "original": {
        "type": "git",
        "url": "https://gitlab.com/project-tick/projects/tomlplusplus"
      }
    },
    "rainbow": {
      "flake": false,
      "locked": {
        "lastModified": 1781950114,
        "narHash": "sha256-QYjWZuto7NIueZH0N64/V6EB4/BcHXaLMZsA6sVJWh8=",
        "ref": "refs/heads/master",
        "rev": "69371440200c677eed73aea4ab0d3a832298733a",
        "revCount": 5,
        "type": "git",
        "url": "https://gitlab.com/project-tick/projects/rainbow"
      },
      "original": {
        "type": "git",
        "url": "https://gitlab.com/project-tick/projects/rainbow"
      }
    },
    "root": {
      "inputs": {
        "classparser": "classparser",
        "ganalytics": "ganalytics",
        "genqrcode": "genqrcode",
        "iconfix": "iconfix",
        "javacheck": "javacheck",
        "javalauncher": "javalauncher",
        "katabasis": "katabasis",
        "libnbtplusplus": "libnbtplusplus",
        "localpeer": "localpeer",
        "neozip": "neozip",
        "nixpkgs": "nixpkgs",
        "optional-bare": "optional-bare",
        "project-tick-cmark": "project-tick-cmark",
        "project-tick-tomlplusplus": "project-tick-tomlplusplus",
        "rainbow": "rainbow",
        "systeminfo": "systeminfo",
        "xz-embedded": "xz-embedded"
      }
    },
    "systeminfo": {
      "flake": false,
      "locked": {
        "lastModified": 1781950263,
        "narHash": "sha256-cGxvZ4HKCvCS1SRUfkf+owzJzr1syWlkn5CPY7rP+ek=",
        "ref": "refs/heads/master",
        "rev": "ad68b184734fa0382b8ef769104f630ab4de79ed",
        "revCount": 5,
        "type": "git",
        "url": "https://gitlab.com/project-tick/projects/systeminfo"
      },
      "original": {
        "type": "git",
        "url": "https://gitlab.com/project-tick/projects/systeminfo"
      }
    },
    "xz-embedded": {
      "flake": false,
      "locked": {
        "lastModified": 1781950294,
        "narHash": "sha256-SDeYwCmc/zTrtKy2zKHcTXDBzErEbjrZl4ZBpKsQu3Y=",
        "ref": "refs/heads/master",
        "rev": "a820137a4f9861182cefc145dcfde374433bedbc",
        "revCount": 5,
        "type": "git",
        "url": "https://gitlab.com/project-tick/projects/xz-embedded"
      },
      "original": {
        "type": "git",
        "url": "https://gitlab.com/project-tick/projects/xz-embedded"
      }
    }
  },
  "root": "root",
  "version": 7
}
