{
  "nodes": {
    "classparser": {
      "flake": false,
      "locked": {
        "lastModified": 1778239806,
        "narHash": "sha256-ihjifz1bv7PrOoUdgX1+bgAGZoFgn7y2rXIlkyH9L+Y=",
        "ref": "refs/heads/master",
        "rev": "405ae36ddd56a16f38fb04f187e81428278f759e",
        "revCount": 4,
        "type": "git",
        "url": "https://git.projecttick.org/project-tick/projects/classparser"
      },
      "original": {
        "type": "git",
        "url": "https://git.projecttick.org/project-tick/projects/classparser"
      }
    },
    "ganalytics": {
      "flake": false,
      "locked": {
        "lastModified": 1778239766,
        "narHash": "sha256-36GKhIN/rGe89UAc6crvaCYlDm6m9chhhqx8ceClFJA=",
        "ref": "refs/heads/master",
        "rev": "245eae21e0e78e002100f0d74d0b12912dbcc59a",
        "revCount": 5,
        "type": "git",
        "url": "https://git.projecttick.org/project-tick/projects/ganalytics"
      },
      "original": {
        "type": "git",
        "url": "https://git.projecttick.org/project-tick/projects/ganalytics"
      }
    },
    "genqrcode": {
      "flake": false,
      "locked": {
        "lastModified": 1778239769,
        "narHash": "sha256-u2T2IKgBFCxoaiCnWJLfMFuPiDuMDQT7GqwrQXGm2kI=",
        "ref": "refs/heads/master",
        "rev": "58c80417cf580a45bd8edeb02ed75f248d506bf6",
        "revCount": 851,
        "type": "git",
        "url": "https://git.projecttick.org/project-tick/projects/genqrcode"
      },
      "original": {
        "type": "git",
        "url": "https://git.projecttick.org/project-tick/projects/genqrcode"
      }
    },
    "iconfix": {
      "flake": false,
      "locked": {
        "lastModified": 1778239775,
        "narHash": "sha256-FevkxuA5pdI7a3ks6wOOWd6mLXH+gAp/u0lRAqyP/O0=",
        "ref": "refs/heads/master",
        "rev": "d15da049a088aaab833070660de3706d532897b3",
        "revCount": 4,
        "type": "git",
        "url": "https://git.projecttick.org/project-tick/projects/iconfix"
      },
      "original": {
        "type": "git",
        "url": "https://git.projecttick.org/project-tick/projects/iconfix"
      }
    },
    "javacheck": {
      "flake": false,
      "locked": {
        "lastModified": 1778239781,
        "narHash": "sha256-rEmaSg67u5dQjHB3m52eHTpZPHLGHSFqh7kz8gQ5yaM=",
        "ref": "refs/heads/master",
        "rev": "b379b42e9db036bb8e320da7c9101cb84023e1d2",
        "revCount": 4,
        "type": "git",
        "url": "https://git.projecttick.org/project-tick/projects/javacheck"
      },
      "original": {
        "type": "git",
        "url": "https://git.projecttick.org/project-tick/projects/javacheck"
      }
    },
    "javalauncher": {
      "flake": false,
      "locked": {
        "lastModified": 1778239785,
        "narHash": "sha256-gAU2e9yK6PPqrKm/kG7zicEYrTjfKwBT/x6llLGRV8A=",
        "ref": "refs/heads/master",
        "rev": "13b46d1fcfe3be985ef92ced5203bd5f5fea9cdc",
        "revCount": 4,
        "type": "git",
        "url": "https://git.projecttick.org/project-tick/projects/javalauncher"
      },
      "original": {
        "type": "git",
        "url": "https://git.projecttick.org/project-tick/projects/javalauncher"
      }
    },
    "katabasis": {
      "flake": false,
      "locked": {
        "lastModified": 1778239791,
        "narHash": "sha256-CgzJxIJ0hSsAQDg4+4DYPbXe1+A768HkCidyFq0HCAY=",
        "ref": "refs/heads/master",
        "rev": "03cf92475a9d3f94b06bef20251c3cfcaf051d5c",
        "revCount": 4,
        "type": "git",
        "url": "https://git.projecttick.org/project-tick/projects/katabasis"
      },
      "original": {
        "type": "git",
        "url": "https://git.projecttick.org/project-tick/projects/katabasis"
      }
    },
    "libnbtplusplus": {
      "flake": false,
      "locked": {
        "lastModified": 1778239795,
        "narHash": "sha256-zpdpKwrs/TUiPDauGX1WIbT5j8D7V5cRgwQgUgsQvTk=",
        "ref": "refs/heads/master",
        "rev": "a68e933a7389b75835525d0b16663b6f9ddb3115",
        "revCount": 339,
        "type": "git",
        "url": "https://git.projecttick.org/project-tick/projects/libnbtplusplus"
      },
      "original": {
        "type": "git",
        "url": "https://git.projecttick.org/project-tick/projects/libnbtplusplus"
      }
    },
    "localpeer": {
      "flake": false,
      "locked": {
        "lastModified": 1778239854,
        "narHash": "sha256-xMkGMhYZvnOQtahqE3nDHBxnwo+xTMzYi3gqzOZUa/w=",
        "ref": "refs/heads/master",
        "rev": "300bcf9167ed23be8764aa5cae831b90ab6d5a6c",
        "revCount": 4,
        "type": "git",
        "url": "https://git.projecttick.org/project-tick/projects/localpeer"
      },
      "original": {
        "type": "git",
        "url": "https://git.projecttick.org/project-tick/projects/localpeer"
      }
    },
    "neozip": {
      "flake": false,
      "locked": {
        "lastModified": 1778093060,
        "narHash": "sha256-ADYKYtpAPfhcyYtPySB102T+9KA+XombzvhwUcIL7jY=",
        "ref": "refs/heads/master",
        "rev": "581e39c195107c803ea3823222522fc609467431",
        "revCount": 3054,
        "type": "git",
        "url": "https://git.projecttick.org/project-tick/projects/neozip"
      },
      "original": {
        "type": "git",
        "url": "https://git.projecttick.org/project-tick/projects/neozip"
      }
    },
    "nixpkgs": {
      "locked": {
        "lastModified": 1777954456,
        "narHash": "sha256-qeRNZKcA0igTdRVnBe6hyo49CqxME92s4G8Sr78ARJw=",
        "rev": "549bd84d6279f9852cae6225e372cc67fb91a4c1",
        "type": "tarball",
        "url": "https://releases.nixos.org/nixos/unstable/nixos-26.05pre992384.549bd84d6279/nixexprs.tar.xz"
      },
      "original": {
        "type": "tarball",
        "url": "https://channels.nixos.org/nixos-unstable/nixexprs.tar.xz"
      }
    },
    "optional-bare": {
      "flake": false,
      "locked": {
        "lastModified": 1778239859,
        "narHash": "sha256-mm5oE+Hp9OJt9OgNkUGDOZMi9CbuHrm0AaxYm1CbpT8=",
        "ref": "refs/heads/master",
        "rev": "f3a3dd3c33feb618d9c70403f4eaf0c1d1abb914",
        "revCount": 4,
        "type": "git",
        "url": "https://git.projecttick.org/project-tick/projects/optional-bare"
      },
      "original": {
        "type": "git",
        "url": "https://git.projecttick.org/project-tick/projects/optional-bare"
      }
    },
    "project-tick-cmark": {
      "flake": false,
      "locked": {
        "lastModified": 1778432883,
        "narHash": "sha256-cXfA2xab2/smZkmru6EsusSvTs6w9+FlEfrJyCR3E9w=",
        "ref": "refs/heads/master",
        "rev": "7b089f620c5b0885321844a03a21bdbb9beb42e2",
        "revCount": 2655,
        "type": "git",
        "url": "https://git.projecttick.org/project-tick/projects/cmark"
      },
      "original": {
        "type": "git",
        "url": "https://git.projecttick.org/project-tick/projects/cmark"
      }
    },
    "project-tick-tomlplusplus": {
      "flake": false,
      "locked": {
        "lastModified": 1778432890,
        "narHash": "sha256-9dQf10wQJ4b5lsPvErfZE11a+pxwnANUspL2PmlVO4I=",
        "ref": "refs/heads/master",
        "rev": "b775819c52293afe7e5287781e250884adc82ad1",
        "revCount": 387,
        "type": "git",
        "url": "https://git.projecttick.org/project-tick/projects/tomlplusplus"
      },
      "original": {
        "type": "git",
        "url": "https://git.projecttick.org/project-tick/projects/tomlplusplus"
      }
    },
    "rainbow": {
      "flake": false,
      "locked": {
        "lastModified": 1778239862,
        "narHash": "sha256-58n+QXeiCefG/ucP80oxf3JKJshrlnM7tdoEn7ERad0=",
        "ref": "refs/heads/master",
        "rev": "e01a1f69e8cc4490641bfd3779170c74a08c12d5",
        "revCount": 4,
        "type": "git",
        "url": "https://git.projecttick.org/project-tick/projects/rainbow"
      },
      "original": {
        "type": "git",
        "url": "https://git.projecttick.org/project-tick/projects/rainbow"
      }
    },
    "root": {
      "inputs": {
        "classparser": "classparser",
        "ganalytics": "ganalytics",
        "genqrcode": "genqrcode",
        "iconfix": "iconfix",
        "javacheck": "javacheck",
        "javalauncher": "javalauncher",
        "katabasis": "katabasis",
        "libnbtplusplus": "libnbtplusplus",
        "localpeer": "localpeer",
        "neozip": "neozip",
        "nixpkgs": "nixpkgs",
        "optional-bare": "optional-bare",
        "project-tick-cmark": "project-tick-cmark",
        "project-tick-tomlplusplus": "project-tick-tomlplusplus",
        "rainbow": "rainbow",
        "systeminfo": "systeminfo",
        "xz-embedded": "xz-embedded"
      }
    },
    "systeminfo": {
      "flake": false,
      "locked": {
        "lastModified": 1778432895,
        "narHash": "sha256-poR3x3FKZgyx2gQbWL5F2eC5ZUv/5aKA+XU7aCOA9C8=",
        "ref": "refs/heads/master",
        "rev": "bd740f4fa32f0e3f3570b8b0bff709788a15191d",
        "revCount": 4,
        "type": "git",
        "url": "https://git.projecttick.org/project-tick/projects/systeminfo"
      },
      "original": {
        "type": "git",
        "url": "https://git.projecttick.org/project-tick/projects/systeminfo"
      }
    },
    "xz-embedded": {
      "flake": false,
      "locked": {
        "lastModified": 1778243347,
        "narHash": "sha256-qvD9h0gGtBbMxy/blJKJUyMcGv2z0U5LCaauOKZZ5+Y=",
        "ref": "refs/heads/master",
        "rev": "7313467a271386f29929b150da4d66e3471b19fe",
        "revCount": 4,
        "type": "git",
        "url": "https://git.projecttick.org/project-tick/projects/xz-embedded"
      },
      "original": {
        "type": "git",
        "url": "https://git.projecttick.org/project-tick/projects/xz-embedded"
      }
    }
  },
  "root": "root",
  "version": 7
}
